# This file is automatically @generated by Cargo.
# It is not intended for manual editing.
version = 4

[[package]]
name = "typvia-core"
version = "0.1.0"

[[package]]
name = "typvia-crypto"
version = "0.1.0"

[[package]]
name = "typvia-espanso-adapter"
version = "0.1.0"

[[package]]
name = "typvia-search"
version = "0.1.0"

[[package]]
name = "typvia-sync"
version = "0.1.0"

[[package]]
name = "typvia-template"
version = "0.1.0"
